
Microsoft Visual Studio Solution File, Format Version 12.00
# Visual Studio Version 16
VisualStudioVersion = 16.0.31112.23
MinimumVisualStudioVersion = 10.0.40219.1
Project("{888888A0-9F3D-457C-B088-3A5042F75D52}") = "gta_5_menyoo_remover_and_backer", "gta_5_menyoo_remover_and_backer.pyproj", "{24633F26-03E5-45F3-8ED5-994A683B3499}"
EndProject
Global
	GlobalSection(SolutionConfigurationPlatforms) = preSolution
		Debug|Any CPU = Debug|Any CPU
		Release|Any CPU = Release|Any CPU
	EndGlobalSection
	GlobalSection(ProjectConfigurationPlatforms) = postSolution
		{24633F26-03E5-45F3-8ED5-994A683B3499}.Debug|Any CPU.ActiveCfg = Release|Any CPU
		{24633F26-03E5-45F3-8ED5-994A683B3499}.Release|Any CPU.ActiveCfg = Release|Any CPU
	EndGlobalSection
	GlobalSection(SolutionProperties) = preSolution
		HideSolutionNode = FALSE
	EndGlobalSection
	GlobalSection(ExtensibilityGlobals) = postSolution
		SolutionGuid = {ECE3DDAD-A2A8-4D30-AAF5-698F0ABCCD9A}
	EndGlobalSection
EndGlobal
